
Microsoft Visual Studio Solution File, Format Version 12.00
# Visual Studio Version 18
VisualStudioVersion = 18.0.11205.157 d18.0
MinimumVisualStudioVersion = 10.0.40219.1
Project("{9A19103F-16F7-4668-BE54-9A1E7A4F7556}") = "SDMetaUI", "SDMetaUI\SDMetaUI.csproj", "{871338D1-B9AA-4DFD-BC17-3ABD7E25AD26}"
EndProject
Project("{9A19103F-16F7-4668-BE54-9A1E7A4F7556}") = "SDMeta", "SDMeta\SDMeta.csproj", "{6E2385EF-FC5A-4955-97D0-A86E5E436C72}"
EndProject
Project("{9A19103F-16F7-4668-BE54-9A1E7A4F7556}") = "SDMetaTest", "SDMetaTest\SDMetaTest.csproj", "{92747F27-78CE-4A87-A7AE-B0F5DB8D842F}"
EndProject
Global
	GlobalSection(SolutionConfigurationPlatforms) = preSolution
		Debug|Any CPU = Debug|Any CPU
		Release|Any CPU = Release|Any CPU
	EndGlobalSection
	GlobalSection(ProjectConfigurationPlatforms) = postSolution
		{871338D1-B9AA-4DFD-BC17-3ABD7E25AD26}.Debug|Any CPU.ActiveCfg = Debug|Any CPU
		{871338D1-B9AA-4DFD-BC17-3ABD7E25AD26}.Debug|Any CPU.Build.0 = Debug|Any CPU
		{871338D1-B9AA-4DFD-BC17-3ABD7E25AD26}.Release|Any CPU.ActiveCfg = Release|Any CPU
		{871338D1-B9AA-4DFD-BC17-3ABD7E25AD26}.Release|Any CPU.Build.0 = Release|Any CPU
		{6E2385EF-FC5A-4955-97D0-A86E5E436C72}.Debug|Any CPU.ActiveCfg = Debug|Any CPU
		{6E2385EF-FC5A-4955-97D0-A86E5E436C72}.Debug|Any CPU.Build.0 = Debug|Any CPU
		{6E2385EF-FC5A-4955-97D0-A86E5E436C72}.Release|Any CPU.ActiveCfg = Release|Any CPU
		{6E2385EF-FC5A-4955-97D0-A86E5E436C72}.Release|Any CPU.Build.0 = Release|Any CPU
		{92747F27-78CE-4A87-A7AE-B0F5DB8D842F}.Debug|Any CPU.ActiveCfg = Debug|Any CPU
		{92747F27-78CE-4A87-A7AE-B0F5DB8D842F}.Debug|Any CPU.Build.0 = Debug|Any CPU
		{92747F27-78CE-4A87-A7AE-B0F5DB8D842F}.Release|Any CPU.ActiveCfg = Release|Any CPU
		{92747F27-78CE-4A87-A7AE-B0F5DB8D842F}.Release|Any CPU.Build.0 = Release|Any CPU
	EndGlobalSection
	GlobalSection(SolutionProperties) = preSolution
		HideSolutionNode = FALSE
	EndGlobalSection
	GlobalSection(ExtensibilityGlobals) = postSolution
		SolutionGuid = {8C475C70-6954-452D-A5BA-8816FCC11AB3}
	EndGlobalSection
EndGlobal
